
Microsoft Visual Studio Solution File, Format Version 11.00
# Visual Studio 2010
Project("{FAE04EC0-301F-11D3-BF4B-00C04F79EFBC}") = "Box Shooter Final", "Assembly-CSharp.csproj", "{B134E0AA-1F2C-A1C4-7F02-46299727F69E}"
EndProject
Project("{FAE04EC0-301F-11D3-BF4B-00C04F79EFBC}") = "Box Shooter Final", "Assembly-CSharp-firstpass.csproj", "{E2E5FBB9-4740-E22A-E569-075BC46ADF13}"
EndProject
Global
	GlobalSection(SolutionConfigurationPlatforms) = preSolution
		Debug|Any CPU = Debug|Any CPU
		Release|Any CPU = Release|Any CPU
	EndGlobalSection
	GlobalSection(ProjectConfigurationPlatforms) = postSolution
		{B134E0AA-1F2C-A1C4-7F02-46299727F69E}.Debug|Any CPU.ActiveCfg = Debug|Any CPU
		{B134E0AA-1F2C-A1C4-7F02-46299727F69E}.Debug|Any CPU.Build.0 = Debug|Any CPU
		{B134E0AA-1F2C-A1C4-7F02-46299727F69E}.Release|Any CPU.ActiveCfg = Release|Any CPU
		{B134E0AA-1F2C-A1C4-7F02-46299727F69E}.Release|Any CPU.Build.0 = Release|Any CPU
		{E2E5FBB9-4740-E22A-E569-075BC46ADF13}.Debug|Any CPU.ActiveCfg = Debug|Any CPU
		{E2E5FBB9-4740-E22A-E569-075BC46ADF13}.Debug|Any CPU.Build.0 = Debug|Any CPU
		{E2E5FBB9-4740-E22A-E569-075BC46ADF13}.Release|Any CPU.ActiveCfg = Release|Any CPU
		{E2E5FBB9-4740-E22A-E569-075BC46ADF13}.Release|Any CPU.Build.0 = Release|Any CPU
	EndGlobalSection
	GlobalSection(SolutionProperties) = preSolution
		HideSolutionNode = FALSE
	EndGlobalSection
	GlobalSection(MonoDevelopProperties) = preSolution
		StartupItem = Assembly-CSharp.csproj
	EndGlobalSection
EndGlobal
